
Microsoft Visual Studio Solution File, Format Version 12.00
# Visual Studio Version 16
VisualStudioVersion = 16.0.31005.135
MinimumVisualStudioVersion = 10.0.40219.1
Project("{FAE04EC0-301F-11D3-BF4B-00C04F79EFBC}") = "MVProject", "MVProject\MVProject.csproj", "{57EE931D-56A7-4B5D-9500-0B6D225D519B}"
EndProject
Global
	GlobalSection(SolutionConfigurationPlatforms) = preSolution
		Debug|Any CPU = Debug|Any CPU
		Release|Any CPU = Release|Any CPU
	EndGlobalSection
	GlobalSection(ProjectConfigurationPlatforms) = postSolution
		{57EE931D-56A7-4B5D-9500-0B6D225D519B}.Debug|Any CPU.ActiveCfg = Debug|Any CPU
		{57EE931D-56A7-4B5D-9500-0B6D225D519B}.Debug|Any CPU.Build.0 = Debug|Any CPU
		{57EE931D-56A7-4B5D-9500-0B6D225D519B}.Release|Any CPU.ActiveCfg = Release|Any CPU
		{57EE931D-56A7-4B5D-9500-0B6D225D519B}.Release|Any CPU.Build.0 = Release|Any CPU
	EndGlobalSection
	GlobalSection(SolutionProperties) = preSolution
		HideSolutionNode = FALSE
	EndGlobalSection
	GlobalSection(ExtensibilityGlobals) = postSolution
		SolutionGuid = {4CC424AC-EE9B-4E72-B81F-B591D2921F6F}
	EndGlobalSection
EndGlobal
